Microsoft Visual Studio Solution File, Format Version 12.00
# Visual Studio Version 17
VisualStudioVersion = 17.2.32602.215
MinimumVisualStudioVersion = 10.0.40219.1
Project("{9A19103F-16F7-4668-BE54-9A1E7A4F7556}") = "MedioClinic", "MedioClinic\MedioClinic.csproj", "{19F7934A-B972-4AD1-B2CB-3D242C0D3714}"
EndProject
Global
	GlobalSection(SolutionConfigurationPlatforms) = preSolution
		Debug|Any CPU = Debug|Any CPU
		Debug|x64 = Debug|x64
		Debug|x86 = Debug|x86
		Release|Any CPU = Release|Any CPU
		Release|x64 = Release|x64
		Release|x86 = Release|x86
	EndGlobalSection
	GlobalSection(ProjectConfigurationPlatforms) = postSolution
		{19F7934A-B972-4AD1-B2CB-3D242C0D3714}.Debug|Any CPU.ActiveCfg = Debug|Any CPU
		{19F7934A-B972-4AD1-B2CB-3D242C0D3714}.Debug|Any CPU.Build.0 = Debug|Any CPU
		{19F7934A-B972-4AD1-B2CB-3D242C0D3714}.Debug|x64.ActiveCfg = Debug|Any CPU
		{19F7934A-B972-4AD1-B2CB-3D242C0D3714}.Debug|x64.Build.0 = Debug|Any CPU
		{19F7934A-B972-4AD1-B2CB-3D242C0D3714}.Debug|x86.ActiveCfg = Debug|Any CPU
		{19F7934A-B972-4AD1-B2CB-3D242C0D3714}.Debug|x86.Build.0 = Debug|Any CPU
		{19F7934A-B972-4AD1-B2CB-3D242C0D3714}.Release|Any CPU.ActiveCfg = Release|Any CPU
		{19F7934A-B972-4AD1-B2CB-3D242C0D3714}.Release|Any CPU.Build.0 = Release|Any CPU
		{19F7934A-B972-4AD1-B2CB-3D242C0D3714}.Release|x64.ActiveCfg = Release|Any CPU
		{19F7934A-B972-4AD1-B2CB-3D242C0D3714}.Release|x64.Build.0 = Release|Any CPU
		{19F7934A-B972-4AD1-B2CB-3D242C0D3714}.Release|x86.ActiveCfg = Release|Any CPU
		{19F7934A-B972-4AD1-B2CB-3D242C0D3714}.Release|x86.Build.0 = Release|Any CPU
	EndGlobalSection
	GlobalSection(SolutionProperties) = preSolution
		HideSolutionNode = FALSE
	EndGlobalSection
	GlobalSection(ExtensibilityGlobals) = postSolution
		SolutionGuid = {09462AEA-79C2-4CFF-A17B-86145929A592}
	EndGlobalSection
EndGlobal
